
Microsoft Visual Studio Solution File, Format Version 12.00
# Visual Studio Version 16
VisualStudioVersion = 16.0.31105.61
MinimumVisualStudioVersion = 10.0.40219.1
Project("{FAE04EC0-301F-11D3-BF4B-00C04F79EFBC}") = "KeycloakSSO", "KeycloakSSO\KeycloakSSO.csproj", "{F55F1A9D-990C-43A9-B3FD-CA0A3F04E4AE}"
EndProject
Project("{FAE04EC0-301F-11D3-BF4B-00C04F79EFBC}") = "KeycloakCore", "KeycloakCore\KeycloakCore.csproj", "{118AB355-6BD0-41AD-B522-3A36A68A7202}"
EndProject
Global
	GlobalSection(SolutionConfigurationPlatforms) = preSolution
		Debug|Any CPU = Debug|Any CPU
		Release|Any CPU = Release|Any CPU
	EndGlobalSection
	GlobalSection(ProjectConfigurationPlatforms) = postSolution
		{F55F1A9D-990C-43A9-B3FD-CA0A3F04E4AE}.Debug|Any CPU.ActiveCfg = Debug|Any CPU
		{F55F1A9D-990C-43A9-B3FD-CA0A3F04E4AE}.Debug|Any CPU.Build.0 = Debug|Any CPU
		{F55F1A9D-990C-43A9-B3FD-CA0A3F04E4AE}.Release|Any CPU.ActiveCfg = Release|Any CPU
		{F55F1A9D-990C-43A9-B3FD-CA0A3F04E4AE}.Release|Any CPU.Build.0 = Release|Any CPU
		{118AB355-6BD0-41AD-B522-3A36A68A7202}.Debug|Any CPU.ActiveCfg = Debug|Any CPU
		{118AB355-6BD0-41AD-B522-3A36A68A7202}.Debug|Any CPU.Build.0 = Debug|Any CPU
		{118AB355-6BD0-41AD-B522-3A36A68A7202}.Release|Any CPU.ActiveCfg = Release|Any CPU
		{118AB355-6BD0-41AD-B522-3A36A68A7202}.Release|Any CPU.Build.0 = Release|Any CPU
	EndGlobalSection
	GlobalSection(SolutionProperties) = preSolution
		HideSolutionNode = FALSE
	EndGlobalSection
	GlobalSection(ExtensibilityGlobals) = postSolution
		SolutionGuid = {794C2634-6583-4382-834E-9AA79BE4388D}
	EndGlobalSection
EndGlobal
